
Microsoft Visual Studio Solution File, Format Version 12.00
# Visual Studio Version 16
VisualStudioVersion = 16.0.31005.135
MinimumVisualStudioVersion = 10.0.40219.1
Project("{F184B08F-C81C-45F6-A57F-5ABD9991F28F}") = "Milk Diary", "Milk Diary\Milk Diary.vbproj", "{ED46605D-D607-4E30-BD46-AB4DDE64BED2}"
EndProject
Global
	GlobalSection(SolutionConfigurationPlatforms) = preSolution
		Debug|Any CPU = Debug|Any CPU
		Release|Any CPU = Release|Any CPU
	EndGlobalSection
	GlobalSection(ProjectConfigurationPlatforms) = postSolution
		{ED46605D-D607-4E30-BD46-AB4DDE64BED2}.Debug|Any CPU.ActiveCfg = Debug|Any CPU
		{ED46605D-D607-4E30-BD46-AB4DDE64BED2}.Debug|Any CPU.Build.0 = Debug|Any CPU
		{ED46605D-D607-4E30-BD46-AB4DDE64BED2}.Release|Any CPU.ActiveCfg = Release|Any CPU
		{ED46605D-D607-4E30-BD46-AB4DDE64BED2}.Release|Any CPU.Build.0 = Release|Any CPU
	EndGlobalSection
	GlobalSection(SolutionProperties) = preSolution
		HideSolutionNode = FALSE
	EndGlobalSection
	GlobalSection(ExtensibilityGlobals) = postSolution
		SolutionGuid = {36ED784A-ED60-4B93-81AE-DE465A554F0F}
	EndGlobalSection
EndGlobal
